
Microsoft Visual Studio Solution File, Format Version 12.00
# Visual Studio 2013
VisualStudioVersion = 12.0.40629.0
MinimumVisualStudioVersion = 10.0.40219.1
Project("{FAE04EC0-301F-11D3-BF4B-00C04F79EFBC}") = "ConsoleApplication2", "ConsoleApplication2\ConsoleApplication2.csproj", "{DBCC08DD-540A-46D2-A95E-1EB25DC83FF9}"
EndProject
Project("{FAE04EC0-301F-11D3-BF4B-00C04F79EFBC}") = "Sdber", "Sdber\Sdber.csproj", "{1ACAD095-7361-445E-B64E-4C5AD37AC971}"
EndProject
Project("{FAE04EC0-301F-11D3-BF4B-00C04F79EFBC}") = "SDBGer", "SDBGer\SDBGer.csproj", "{78D9C447-E92C-4B89-AB45-71566DD1921E}"
EndProject
Global
	GlobalSection(SolutionConfigurationPlatforms) = preSolution
		Debug|Any CPU = Debug|Any CPU
		Release|Any CPU = Release|Any CPU
	EndGlobalSection
	GlobalSection(ProjectConfigurationPlatforms) = postSolution
		{DBCC08DD-540A-46D2-A95E-1EB25DC83FF9}.Debug|Any CPU.ActiveCfg = Debug|Any CPU
		{DBCC08DD-540A-46D2-A95E-1EB25DC83FF9}.Debug|Any CPU.Build.0 = Debug|Any CPU
		{DBCC08DD-540A-46D2-A95E-1EB25DC83FF9}.Release|Any CPU.ActiveCfg = Release|Any CPU
		{DBCC08DD-540A-46D2-A95E-1EB25DC83FF9}.Release|Any CPU.Build.0 = Release|Any CPU
		{1ACAD095-7361-445E-B64E-4C5AD37AC971}.Debug|Any CPU.ActiveCfg = Debug|Any CPU
		{1ACAD095-7361-445E-B64E-4C5AD37AC971}.Debug|Any CPU.Build.0 = Debug|Any CPU
		{1ACAD095-7361-445E-B64E-4C5AD37AC971}.Release|Any CPU.ActiveCfg = Release|Any CPU
		{1ACAD095-7361-445E-B64E-4C5AD37AC971}.Release|Any CPU.Build.0 = Release|Any CPU
		{78D9C447-E92C-4B89-AB45-71566DD1921E}.Debug|Any CPU.ActiveCfg = Debug|Any CPU
		{78D9C447-E92C-4B89-AB45-71566DD1921E}.Debug|Any CPU.Build.0 = Debug|Any CPU
		{78D9C447-E92C-4B89-AB45-71566DD1921E}.Release|Any CPU.ActiveCfg = Release|Any CPU
		{78D9C447-E92C-4B89-AB45-71566DD1921E}.Release|Any CPU.Build.0 = Release|Any CPU
	EndGlobalSection
	GlobalSection(SolutionProperties) = preSolution
		HideSolutionNode = FALSE
	EndGlobalSection
EndGlobal
