
Microsoft Visual Studio Solution File, Format Version 12.00
# Visual Studio 2013
VisualStudioVersion = 12.0.40629.0
MinimumVisualStudioVersion = 10.0.40219.1
Project("{FAE04EC0-301F-11D3-BF4B-00C04F79EFBC}") = "ConsoleApplication2", "ConsoleApplication2\ConsoleApplication2.csproj", "{DBCC08DD-540A-46D2-A95E-1EB25DC83FF9}"
EndProject
Project("{FAE04EC0-301F-11D3-BF4B-00C04F79EFBC}") = "Sdber", "Sdber\Sdber.csproj", "{1ACAD095-7361-445E-B64E-4C5AD37AC971}"
EndProject
Project("{2150E333-8FDC-42A3-9474-1A3956D46DE8}") = ".nuget", ".nuget", "{EFE24630-309E-46DC-A2B1-BE7501D20297}"
	ProjectSection(SolutionItems) = preProject
		.nuget\packages.config = .nuget\packages.config
	EndProjectSection
EndProject
Global
	GlobalSection(SolutionConfigurationPlatforms) = preSolution
		Debug|Any CPU = Debug|Any CPU
		Release|Any CPU = Release|Any CPU
	EndGlobalSection
	GlobalSection(ProjectConfigurationPlatforms) = postSolution
		{DBCC08DD-540A-46D2-A95E-1EB25DC83FF9}.Debug|Any CPU.ActiveCfg = Debug|Any CPU
		{DBCC08DD-540A-46D2-A95E-1EB25DC83FF9}.Debug|Any CPU.Build.0 = Debug|Any CPU
		{DBCC08DD-540A-46D2-A95E-1EB25DC83FF9}.Release|Any CPU.ActiveCfg = Release|Any CPU
		{DBCC08DD-540A-46D2-A95E-1EB25DC83FF9}.Release|Any CPU.Build.0 = Release|Any CPU
		{1ACAD095-7361-445E-B64E-4C5AD37AC971}.Debug|Any CPU.ActiveCfg = Debug|Any CPU
		{1ACAD095-7361-445E-B64E-4C5AD37AC971}.Debug|Any CPU.Build.0 = Debug|Any CPU
		{1ACAD095-7361-445E-B64E-4C5AD37AC971}.Release|Any CPU.ActiveCfg = Release|Any CPU
		{1ACAD095-7361-445E-B64E-4C5AD37AC971}.Release|Any CPU.Build.0 = Release|Any CPU
	EndGlobalSection
	GlobalSection(SolutionProperties) = preSolution
		HideSolutionNode = FALSE
	EndGlobalSection
EndGlobal
